DEPENDENCIES
  apt
  balanced-user
    path: .
  balanced-user_test
    path: ./test/cookbooks/balanced-user_test

GRAPH
  apt (2.3.8)
  balanced-citadel (1.0.2)
    citadel (>= 0.0.0)
  balanced-user (1.0.6)
    balanced-citadel (~> 1.0)
    poise (~> 1.0)
    sudo (~> 2.5)
    ulimit (~> 0.3)
    user (~> 0.3)
  balanced-user_test (0.0.0)
    balanced-user (>= 0.0.0)
  citadel (1.0.2)
  poise (1.0.10)
  sudo (2.5.2)
  ulimit (0.3.2)
  user (0.3.0)
